// !$*UTF8*$!
{
	archiveVersion = 1;
	classes = {
	};
	objectVersion = 56;
	objects = {

/* Begin PBXBuildFile section */
		F465E1402DAB4C2E005D4321 /* AppDelegate.swift in Sources */ = {isa = PBXBuildFile; fileRef = F465E13F2DAB4C2E005D4321 /* AppDelegate.swift */; };
		F465E1422DAB4C2E005D4321 /* SceneDelegate.swift in Sources */ = {isa = PBXBuildFile; fileRef = F465E1412DAB4C2E005D4321 /* SceneDelegate.swift */; };
		F465E1472DAB4C2E005D4321 /* Main.storyboard in Resources */ = {isa = PBXBuildFile; fileRef = F465E1452DAB4C2E005D4321 /* Main.storyboard */; };
		F465E1492DAB4C30005D4321 /* Assets.xcassets in Resources */ = {isa = PBXBuildFile; fileRef = F465E1482DAB4C30005D4321 /* Assets.xcassets */; };
		F465E14C2DAB4C30005D4321 /* LaunchScreen.storyboard in Resources */ = {isa = PBXBuildFile; fileRef = F465E14A2DAB4C30005D4321 /* LaunchScreen.storyboard */; };
		F465E1572DABA3D0005D4321 /* ViewController.swift in Sources */ = {isa = PBXBuildFile; fileRef = F465E1562DABA3D0005D4321 /* ViewController.swift */; };
		F465E1592DABADC3005D4321 /* WeatherManager.swift in Sources */ = {isa = PBXBuildFile; fileRef = F465E1582DABADC3005D4321 /* WeatherManager.swift */; };
		F465E15B2DABB0AC005D4321 /* WeatherData.swift in Sources */ = {isa = PBXBuildFile; fileRef = F465E15A2DABB0AC005D4321 /* WeatherData.swift */; };
		F465E15D2DABB19A005D4321 /* WeatherModel.swift in Sources */ = {isa = PBXBuildFile; fileRef = F465E15C2DABB19A005D4321 /* WeatherModel.swift */; };
/* End PBXBuildFile section */

/* Begin PBXFileReference section */
		F465E13C2DAB4C2D005D4321 /* Climay.app */ = {isa = PBXFileReference; explicitFileType = wrapper.application; includeInIndex = 0; path = Climay.app; sourceTree = BUILT_PRODUCTS_DIR; };
		F465E13F2DAB4C2E005D4321 /* AppDelegate.swift */ = {isa = PBXFileReference; lastKnownFileType = sourcecode.swift; path = AppDelegate.swift; sourceTree = "<group>"; };
		F465E1412DAB4C2E005D4321 /* SceneDelegate.swift */ = {isa = PBXFileReference; lastKnownFileType = sourcecode.swift; path = SceneDelegate.swift; sourceTree = "<group>"; };
		F465E1462DAB4C2E005D4321 /* Base */ = {isa = PBXFileReference; lastKnownFileType = file.storyboard; name = Base; path = Base.lproj/Main.storyboard; sourceTree = "<group>"; };
		F465E1482DAB4C30005D4321 /* Assets.xcassets */ = {isa = PBXFileReference; lastKnownFileType = folder.assetcatalog; path = Assets.xcassets; sourceTree = "<group>"; };
		F465E14B2DAB4C30005D4321 /* Base */ = {isa = PBXFileReference; lastKnownFileType = file.storyboard; name = Base; path = Base.lproj/LaunchScreen.storyboard; sourceTree = "<group>"; };
		F465E14D2DAB4C30005D4321 /* Info.plist */ = {isa = PBXFileReference; lastKnownFileType = text.plist.xml; path = Info.plist; sourceTree = "<group>"; };
		F465E1562DABA3D0005D4321 /* ViewController.swift */ = {isa = PBXFileReference; lastKnownFileType = sourcecode.swift; path = ViewController.swift; sourceTree = "<group>"; };
		F465E1582DABADC3005D4321 /* WeatherManager.swift */ = {isa = PBXFileReference; lastKnownFileType = sourcecode.swift; path = WeatherManager.swift; sourceTree = "<group>"; };
		F465E15A2DABB0AC005D4321 /* WeatherData.swift */ = {isa = PBXFileReference; lastKnownFileType = sourcecode.swift; path = WeatherData.swift; sourceTree = "<group>"; };
		F465E15C2DABB19A005D4321 /* WeatherModel.swift */ = {isa = PBXFileReference; lastKnownFileType = sourcecode.swift; path = WeatherModel.swift; sourceTree = "<group>"; };
/* End PBXFileReference section */

/* Begin PBXFrameworksBuildPhase section */
		F465E1392DAB4C2D005D4321 /* Frameworks */ = {
			isa = PBXFrameworksBuildPhase;
			buildActionMask = 2147483647;
			files = (
			);
			runOnlyForDeploymentPostprocessing = 0;
		};
/* End PBXFrameworksBuildPhase section */

/* Begin PBXGroup section */
		F465E1332DAB4C2D005D4321 = {
			isa = PBXGroup;
			children = (
				F465E13E2DAB4C2D005D4321 /* Climay */,
				F465E13D2DAB4C2D005D4321 /* Products */,
			);
			sourceTree = "<group>";
		};
		F465E13D2DAB4C2D005D4321 /* Products */ = {
			isa = PBXGroup;
			children = (
				F465E13C2DAB4C2D005D4321 /* Climay.app */,
			);
			name = Products;
			sourceTree = "<group>";
		};
		F465E13E2DAB4C2D005D4321 /* Climay */ = {
			isa = PBXGroup;
			children = (
				F465E13F2DAB4C2E005D4321 /* AppDelegate.swift */,
				F465E1412DAB4C2E005D4321 /* SceneDelegate.swift */,
				F465E1552DABA39E005D4321 /* Model */,
				F465E1542DABA395005D4321 /* View */,
				F465E1532DABA38D005D4321 /* Controller */,
				F465E1482DAB4C30005D4321 /* Assets.xcassets */,
				F465E14A2DAB4C30005D4321 /* LaunchScreen.storyboard */,
				F465E14D2DAB4C30005D4321 /* Info.plist */,
			);
			path = Climay;
			sourceTree = "<group>";
		};
		F465E1532DABA38D005D4321 /* Controller */ = {
			isa = PBXGroup;
			children = (
				F465E1562DABA3D0005D4321 /* ViewController.swift */,
			);
			path = Controller;
			sourceTree = "<group>";
		};
		F465E1542DABA395005D4321 /* View */ = {
			isa = PBXGroup;
			children = (
				F465E1452DAB4C2E005D4321 /* Main.storyboard */,
			);
			path = View;
			sourceTree = "<group>";
		};
		F465E1552DABA39E005D4321 /* Model */ = {
			isa = PBXGroup;
			children = (
				F465E1582DABADC3005D4321 /* WeatherManager.swift */,
				F465E15A2DABB0AC005D4321 /* WeatherData.swift */,
				F465E15C2DABB19A005D4321 /* WeatherModel.swift */,
			);
			path = Model;
			sourceTree = "<group>";
		};
/* End PBXGroup section */

/* Begin PBXNativeTarget section */
		F465E13B2DAB4C2D005D4321 /* Climay */ = {
			isa = PBXNativeTarget;
			buildConfigurationList = F465E1502DAB4C30005D4321 /* Build configuration list for PBXNativeTarget "Climay" */;
			buildPhases = (
				F465E1382DAB4C2D005D4321 /* Sources */,
				F465E1392DAB4C2D005D4321 /* Frameworks */,
				F465E13A2DAB4C2D005D4321 /* Resources */,
			);
			buildRules = (
			);
			dependencies = (
			);
			name = Climay;
			productName = Climay;
			productReference = F465E13C2DAB4C2D005D4321 /* Climay.app */;
			productType = "com.apple.product-type.application";
		};
/* End PBXNativeTarget section */

/* Begin PBXProject section */
		F465E1342DAB4C2D005D4321 /* Project object */ = {
			isa = PBXProject;
			attributes = {
				BuildIndependentTargetsInParallel = 1;
				LastSwiftUpdateCheck = 1420;
				LastUpgradeCheck = 1420;
				TargetAttributes = {
					F465E13B2DAB4C2D005D4321 = {
						CreatedOnToolsVersion = 14.2;
					};
				};
			};
			buildConfigurationList = F465E1372DAB4C2D005D4321 /* Build configuration list for PBXProject "Climay" */;
			compatibilityVersion = "Xcode 14.0";
			developmentRegion = en;
			hasScannedForEncodings = 0;
			knownRegions = (
				en,
				Base,
			);
			mainGroup = F465E1332DAB4C2D005D4321;
			productRefGroup = F465E13D2DAB4C2D005D4321 /* Products */;
			projectDirPath = "";
			projectRoot = "";
			targets = (
				F465E13B2DAB4C2D005D4321 /* Climay */,
			);
		};
/* End PBXProject section */

/* Begin PBXResourcesBuildPhase section */
		F465E13A2DAB4C2D005D4321 /* Resources */ = {
			isa = PBXResourcesBuildPhase;
			buildActionMask = 2147483647;
			files = (
				F465E14C2DAB4C30005D4321 /* LaunchScreen.storyboard in Resources */,
				F465E1492DAB4C30005D4321 /* Assets.xcassets in Resources */,
				F465E1472DAB4C2E005D4321 /* Main.storyboard in Resources */,
			);
			runOnlyForDeploymentPostprocessing = 0;
		};
/* End PBXResourcesBuildPhase section */

/* Begin PBXSourcesBuildPhase section */
		F465E1382DAB4C2D005D4321 /* Sources */ = {
			isa = PBXSourcesBuildPhase;
			buildActionMask = 2147483647;
			files = (
				F465E1572DABA3D0005D4321 /* ViewController.swift in Sources */,
				F465E15B2DABB0AC005D4321 /* WeatherData.swift in Sources */,
				F465E1402DAB4C2E005D4321 /* AppDelegate.swift in Sources */,
				F465E1592DABADC3005D4321 /* WeatherManager.swift in Sources */,
				F465E15D2DABB19A005D4321 /* WeatherModel.swift in Sources */,
				F465E1422DAB4C2E005D4321 /* SceneDelegate.swift in Sources */,
			);
			runOnlyForDeploymentPostprocessing = 0;
		};
/* End PBXSourcesBuildPhase section */

/* Begin PBXVariantGroup section */
		F465E1452DAB4C2E005D4321 /* Main.storyboard */ = {
			isa = PBXVariantGroup;
			children = (
				F465E1462DAB4C2E005D4321 /* Base */,
			);
			name = Main.storyboard;
			sourceTree = "<group>";
		};
		F465E14A2DAB4C30005D4321 /* LaunchScreen.storyboard */ = {
			isa = PBXVariantGroup;
			children = (
				F465E14B2DAB4C30005D4321 /* Base */,
			);
			name = LaunchScreen.storyboard;
			sourceTree = "<group>";
		};
/* End PBXVariantGroup section */

/* Begin XCBuildConfiguration section */
		F465E14E2DAB4C30005D4321 /* Debug */ = {
			isa = XCBuildConfiguration;
			buildSettings = {
				ALWAYS_SEARCH_USER_PATHS = NO;
				CLANG_ANALYZER_NONNULL = YES;
				CLANG_ANALYZER_NUMBER_OBJECT_CONVERSION = YES_AGGRESSIVE;
				CLANG_CXX_LANGUAGE_STANDARD = "gnu++20";
				CLANG_ENABLE_MODULES = YES;
				CLANG_ENABLE_OBJC_ARC = YES;
				CLANG_ENABLE_OBJC_WEAK = YES;
				CLANG_WARN_BLOCK_CAPTURE_AUTORELEASING = YES;
				CLANG_WARN_BOOL_CONVERSION = YES;
				CLANG_WARN_COMMA = YES;
				CLANG_WARN_CONSTANT_CONVERSION = YES;
				CLANG_WARN_DEPRECATED_OBJC_IMPLEMENTATIONS = YES;
				CLANG_WARN_DIRECT_OBJC_ISA_USAGE = YES_ERROR;
				CLANG_WARN_DOCUMENTATION_COMMENTS = YES;
				CLANG_WARN_EMPTY_BODY = YES;
				CLANG_WARN_ENUM_CONVERSION = YES;
				CLANG_WARN_INFINITE_RECURSION = YES;
				CLANG_WARN_INT_CONVERSION = YES;
				CLANG_WARN_NON_LITERAL_NULL_CONVERSION = YES;
				CLANG_WARN_OBJC_IMPLICIT_RETAIN_SELF = YES;
				CLANG_WARN_OBJC_LITERAL_CONVERSION = YES;
				CLANG_WARN_OBJC_ROOT_CLASS = YES_ERROR;
				CLANG_WARN_QUOTED_INCLUDE_IN_FRAMEWORK_HEADER = YES;
				CLANG_WARN_RANGE_LOOP_ANALYSIS = YES;
				CLANG_WARN_STRICT_PROTOTYPES = YES;
				CLANG_WARN_SUSPICIOUS_MOVE = YES;
				CLANG_WARN_UNGUARDED_AVAILABILITY = YES_AGGRESSIVE;
				CLANG_WARN_UNREACHABLE_CODE = YES;
				CLANG_WARN__DUPLICATE_METHOD_MATCH = YES;
				COPY_PHASE_STRIP = NO;
				DEBUG_INFORMATION_FORMAT = dwarf;
				ENABLE_STRICT_OBJC_MSGSEND = YES;
				ENABLE_TESTABILITY = YES;
				GCC_C_LANGUAGE_STANDARD = gnu11;
				GCC_DYNAMIC_NO_PIC = NO;
				GCC_NO_COMMON_BLOCKS = YES;
				GCC_OPTIMIZATION_LEVEL = 0;
				GCC_PREPROCESSOR_DEFINITIONS = (
					"DEBUG=1",
					"$(inherited)",
				);
				GCC_WARN_64_TO_32_BIT_CONVERSION = YES;
				GCC_WARN_ABOUT_RETURN_TYPE = YES_ERROR;
				GCC_WARN_UNDECLARED_SELECTOR = YES;
				GCC_WARN_UNINITIALIZED_AUTOS = YES_AGGRESSIVE;
				GCC_WARN_UNUSED_FUNCTION = YES;
				GCC_WARN_UNUSED_VARIABLE = YES;
				IPHONEOS_DEPLOYMENT_TARGET = 16.2;
				MTL_ENABLE_DEBUG_INFO = INCLUDE_SOURCE;
				MTL_FAST_MATH = YES;
				ONLY_ACTIVE_ARCH = YES;
				SDKROOT = iphoneos;
				SWIFT_ACTIVE_COMPILATION_CONDITIONS = DEBUG;
				SWIFT_OPTIMIZATION_LEVEL = "-Onone";
			};
			name = Debug;
		};
		F465E14F2DAB4C30005D4321 /* Release */ = {
			isa = XCBuildConfiguration;
			buildSettings = {
				ALWAYS_SEARCH_USER_PATHS = NO;
				CLANG_ANALYZER_NONNULL = YES;
				CLANG_ANALYZER_NUMBER_OBJECT_CONVERSION = YES_AGGRESSIVE;
				CLANG_CXX_LANGUAGE_STANDARD = "gnu++20";
				CLANG_ENABLE_MODULES = YES;
				CLANG_ENABLE_OBJC_ARC = YES;
				CLANG_ENABLE_OBJC_WEAK = YES;
				CLANG_WARN_BLOCK_CAPTURE_AUTORELEASING = YES;
				CLANG_WARN_BOOL_CONVERSION = YES;
				CLANG_WARN_COMMA = YES;
				CLANG_WARN_CONSTANT_CONVERSION = YES;
				CLANG_WARN_DEPRECATED_OBJC_IMPLEMENTATIONS = YES;
				CLANG_WARN_DIRECT_OBJC_ISA_USAGE = YES_ERROR;
				CLANG_WARN_DOCUMENTATION_COMMENTS = YES;
				CLANG_WARN_EMPTY_BODY = YES;
				CLANG_WARN_ENUM_CONVERSION = YES;
				CLANG_WARN_INFINITE_RECURSION = YES;
				CLANG_WARN_INT_CONVERSION = YES;
				CLANG_WARN_NON_LITERAL_NULL_CONVERSION = YES;
				CLANG_WARN_OBJC_IMPLICIT_RETAIN_SELF = YES;
				CLANG_WARN_OBJC_LITERAL_CONVERSION = YES;
				CLANG_WARN_OBJC_ROOT_CLASS = YES_ERROR;
				CLANG_WARN_QUOTED_INCLUDE_IN_FRAMEWORK_HEADER = YES;
				CLANG_WARN_RANGE_LOOP_ANALYSIS = YES;
				CLANG_WARN_STRICT_PROTOTYPES = YES;
				CLANG_WARN_SUSPICIOUS_MOVE = YES;
				CLANG_WARN_UNGUARDED_AVAILABILITY = YES_AGGRESSIVE;
				CLANG_WARN_UNREACHABLE_CODE = YES;
				CLANG_WARN__DUPLICATE_METHOD_MATCH = YES;
				COPY_PHASE_STRIP = NO;
				DEBUG_INFORMATION_FORMAT = "dwarf-with-dsym";
				ENABLE_NS_ASSERTIONS = NO;
				ENABLE_STRICT_OBJC_MSGSEND = YES;
				GCC_C_LANGUAGE_STANDARD = gnu11;
				GCC_NO_COMMON_BLOCKS = YES;
				GCC_WARN_64_TO_32_BIT_CONVERSION = YES;
				GCC_WARN_ABOUT_RETURN_TYPE = YES_ERROR;
				GCC_WARN_UNDECLARED_SELECTOR = YES;
				GCC_WARN_UNINITIALIZED_AUTOS = YES_AGGRESSIVE;
				GCC_WARN_UNUSED_FUNCTION = YES;
				GCC_WARN_UNUSED_VARIABLE = YES;
				IPHONEOS_DEPLOYMENT_TARGET = 16.2;
				MTL_ENABLE_DEBUG_INFO = NO;
				MTL_FAST_MATH = YES;
				SDKROOT = iphoneos;
				SWIFT_COMPILATION_MODE = wholemodule;
				SWIFT_OPTIMIZATION_LEVEL = "-O";
				VALIDATE_PRODUCT = YES;
			};
			name = Release;
		};
		F465E1512DAB4C30005D4321 /* Debug */ = {
			isa = XCBuildConfiguration;
			buildSettings = {
				ASSETCATALOG_COMPILER_APPICON_NAME = AppIcon;
				ASSETCATALOG_COMPILER_GLOBAL_ACCENT_COLOR_NAME = AccentColor;
				CODE_SIGN_STYLE = Automatic;
				CURRENT_PROJECT_VERSION = 1;
				DEVELOPMENT_TEAM = 3K677TQ5Z9;
				GENERATE_INFOPLIST_FILE = YES;
				INFOPLIST_FILE = Climay/Info.plist;
				INFOPLIST_KEY_UIApplicationSupportsIndirectInputEvents = YES;
				INFOPLIST_KEY_UILaunchStoryboardName = LaunchScreen;
				INFOPLIST_KEY_UIMainStoryboardFile = Main;
				INFOPLIST_KEY_UISupportedInterfaceOrientations_iPad = "UIInterfaceOrientationPortrait UIInterfaceOrientationPortraitUpsideDown UIInterfaceOrientationLandscapeLeft UIInterfaceOrientationLandscapeRight";
				INFOPLIST_KEY_UISupportedInterfaceOrientations_iPhone = "UIInterfaceOrientationPortrait UIInterfaceOrientationLandscapeLeft UIInterfaceOrientationLandscapeRight";
				LD_RUNPATH_SEARCH_PATHS = (
					"$(inherited)",
					"@executable_path/Frameworks",
				);
				MARKETING_VERSION = 1.0;
				PRODUCT_BUNDLE_IDENTIFIER = Marwan.cam.Climay;
				PRODUCT_NAME = "$(TARGET_NAME)";
				SWIFT_EMIT_LOC_STRINGS = YES;
				SWIFT_VERSION = 5.0;
				TARGETED_DEVICE_FAMILY = "1,2";
			};
			name = Debug;
		};
		F465E1522DAB4C30005D4321 /* Release */ = {
			isa = XCBuildConfiguration;
			buildSettings = {
				ASSETCATALOG_COMPILER_APPICON_NAME = AppIcon;
				ASSETCATALOG_COMPILER_GLOBAL_ACCENT_COLOR_NAME = AccentColor;
				CODE_SIGN_STYLE = Automatic;
				CURRENT_PROJECT_VERSION = 1;
				DEVELOPMENT_TEAM = 3K677TQ5Z9;
				GENERATE_INFOPLIST_FILE = YES;
				INFOPLIST_FILE = Climay/Info.plist;
				INFOPLIST_KEY_UIApplicationSupportsIndirectInputEvents = YES;
				INFOPLIST_KEY_UILaunchStoryboardName = LaunchScreen;
				INFOPLIST_KEY_UIMainStoryboardFile = Main;
				INFOPLIST_KEY_UISupportedInterfaceOrientations_iPad = "UIInterfaceOrientationPortrait UIInterfaceOrientationPortraitUpsideDown UIInterfaceOrientationLandscapeLeft UIInterfaceOrientationLandscapeRight";
				INFOPLIST_KEY_UISupportedInterfaceOrientations_iPhone = "UIInterfaceOrientationPortrait UIInterfaceOrientationLandscapeLeft UIInterfaceOrientationLandscapeRight";
				LD_RUNPATH_SEARCH_PATHS = (
					"$(inherited)",
					"@executable_path/Frameworks",
				);
				MARKETING_VERSION = 1.0;
				PRODUCT_BUNDLE_IDENTIFIER = Marwan.cam.Climay;
				PRODUCT_NAME = "$(TARGET_NAME)";
				SWIFT_EMIT_LOC_STRINGS = YES;
				SWIFT_VERSION = 5.0;
				TARGETED_DEVICE_FAMILY = "1,2";
			};
			name = Release;
		};
/* End XCBuildConfiguration section */

/* Begin XCConfigurationList section */
		F465E1372DAB4C2D005D4321 /* Build configuration list for PBXProject "Climay" */ = {
			isa = XCConfigurationList;
			buildConfigurations = (
				F465E14E2DAB4C30005D4321 /* Debug */,
				F465E14F2DAB4C30005D4321 /* Release */,
			);
			defaultConfigurationIsVisible = 0;
			defaultConfigurationName = Release;
		};
		F465E1502DAB4C30005D4321 /* Build configuration list for PBXNativeTarget "Climay" */ = {
			isa = XCConfigurationList;
			buildConfigurations = (
				F465E1512DAB4C30005D4321 /* Debug */,
				F465E1522DAB4C30005D4321 /* Release */,
			);
			defaultConfigurationIsVisible = 0;
			defaultConfigurationName = Release;
		};
/* End XCConfigurationList section */
	};
	rootObject = F465E1342DAB4C2D005D4321 /* Project object */;
}
